<?xml version="1.0" encoding="utf-8"?>
<Project ToolsVersion="4.0" xmlns="http://schemas.microsoft.com/developer/msbuild/2003">
  <ItemGroup>
    <Filter Include="RHI">
      <UniqueIdentifier>{4f9b87dc-dece-4da6-8796-cc1bf243fcb5}</UniqueIdentifier>
    </Filter>
    <Filter Include="openglRHi">
      <UniqueIdentifier>{a17ead34-93f4-4e91-90e2-275c00c8e392}</UniqueIdentifier>
    </Filter>
  </ItemGroup>
  <ItemGroup>
    <ClInclude Include="..\Source\GLFWFramework.h" />
    <ClInclude Include="..\Source\OPENGL_Include.h" />
    <ClInclude Include="..\Source\OpenglRHI\OpenGL.h">
      <Filter>openglRHi</Filter>
    </ClInclude>
    <ClInclude Include="..\Source\OpenglRHI\OpenGLDrvPrivate.h">
      <Filter>openglRHi</Filter>
    </ClInclude>
    <ClInclude Include="..\Source\OpenglRHI\OpenGLES31.h">
      <Filter>openglRHi</Filter>
    </ClInclude>
    <ClInclude Include="..\Source\OpenglRHI\OpenGLResources.h">
      <Filter>openglRHi</Filter>
    </ClInclude>
    <ClInclude Include="..\Source\OpenglRHI\OpenGLRHI.h">
      <Filter>openglRHi</Filter>
    </ClInclude>
    <ClInclude Include="..\Source\OpenglRHI\OpenGLShaderResources.h">
      <Filter>openglRHi</Filter>
    </ClInclude>
    <ClInclude Include="..\Source\OpenglRHI\OpenGLState.h">
      <Filter>openglRHi</Filter>
    </ClInclude>
    <ClInclude Include="..\Source\OpenglRHI\OpenGLUtil.h">
      <Filter>openglRHi</Filter>
    </ClInclude>
    <ClInclude Include="..\Source\RHI\Color.h">
      <Filter>RHI</Filter>
    </ClInclude>
    <ClInclude Include="..\Source\RHI\DynamicRHI.h">
      <Filter>RHI</Filter>
    </ClInclude>
    <ClInclude Include="..\Source\RHI\RHI.h">
      <Filter>RHI</Filter>
    </ClInclude>
    <ClInclude Include="..\Source\RHI\RHIDefinitions.h">
      <Filter>RHI</Filter>
    </ClInclude>
    <ClInclude Include="..\Source\RHI\RHIResources.h">
      <Filter>RHI</Filter>
    </ClInclude>
    <ClInclude Include="..\Source\RHI\RHIUtilities.h">
      <Filter>RHI</Filter>
    </ClInclude>
    <ClInclude Include="..\Source\PixelFormat.h" />
    <ClInclude Include="..\Source\unreal_defination.h" />
    <ClInclude Include="..\Source\GLContext.h" />
    <ClInclude Include="..\Source\ContextChoose.h" />
    <ClInclude Include="..\Source\Logger.h" />
  </ItemGroup>
  <ItemGroup>
    <ClCompile Include="..\Source\OpenglRHI\OpenGLViewport.cpp">
      <Filter>openglRHi</Filter>
    </ClCompile>
    <ClCompile Include="..\Source\OpenglRHI\OpengGLDevice.cpp">
      <Filter>openglRHi</Filter>
    </ClCompile>
    <ClCompile Include="..\Source\OpenglRHI\OpenGL.cpp">
      <Filter>openglRHi</Filter>
    </ClCompile>
    <ClCompile Include="..\Source\OpenglRHI\OpenGLCommands.cpp">
      <Filter>openglRHi</Filter>
    </ClCompile>
    <ClCompile Include="..\Source\OpenglRHI\OpenGLES31.cpp">
      <Filter>openglRHi</Filter>
    </ClCompile>
    <ClCompile Include="..\Source\OpenglRHI\OpenGLIndexBuffer.cpp">
      <Filter>openglRHi</Filter>
    </ClCompile>
    <ClCompile Include="..\Source\OpenglRHI\OpenGLRenderTarget.cpp">
      <Filter>openglRHi</Filter>
    </ClCompile>
    <ClCompile Include="..\Source\OpenglRHI\OpenGLRHI.cpp">
      <Filter>openglRHi</Filter>
    </ClCompile>
    <ClCompile Include="..\Source\OpenglRHI\OpenGLShader.cpp">
      <Filter>openglRHi</Filter>
    </ClCompile>
    <ClCompile Include="..\Source\OpenglRHI\OpenGLState.cpp">
      <Filter>openglRHi</Filter>
    </ClCompile>
    <ClCompile Include="..\Source\OpenglRHI\OpenGLTexture.cpp">
      <Filter>openglRHi</Filter>
    </ClCompile>
    <ClCompile Include="..\Source\OpenglRHI\OpenGLUniformBuffer.cpp">
      <Filter>openglRHi</Filter>
    </ClCompile>
    <ClCompile Include="..\Source\OpenglRHI\OpenGLVertexBuffer.cpp">
      <Filter>openglRHi</Filter>
    </ClCompile>
    <ClCompile Include="..\Source\OpenglRHI\OpenGLVertexDeclaration.cpp">
      <Filter>openglRHi</Filter>
    </ClCompile>
    <ClCompile Include="..\Source\RHI\Color.cpp">
      <Filter>RHI</Filter>
    </ClCompile>
    <ClCompile Include="..\Source\RHI\DynamicRHI.cpp">
      <Filter>RHI</Filter>
    </ClCompile>
    <ClCompile Include="..\Source\RHI\RHI.cpp">
      <Filter>RHI</Filter>
    </ClCompile>
    <ClCompile Include="..\Source\Logger.cpp" />
  </ItemGroup>
</Project>